// !$*UTF8*$!
{
	archiveVersion = 1;
	classes = {
	};
	objectVersion = 46;
	objects = {

/* Begin PBXBuildFile section */
		2209E7A1DBD92CE84BE2FA97 /* libPods-BroadcastUploadExtensionUI.a in Frameworks */ = {isa = PBXBuildFile; fileRef = 9AB4A0B62EC6D160D17A9135 /* libPods-BroadcastUploadExtensionUI.a */; };
		3D79D70B1E63C10B002A885E /* lf.framework in Frameworks */ = {isa = PBXBuildFile; fileRef = 3D79D70A1E63C10B002A885E /* lf.framework */; };
		3D874F571E1246F20076322C /* main.m in Sources */ = {isa = PBXBuildFile; fileRef = 3D874F561E1246F20076322C /* main.m */; };
		3D874F5A1E1246F20076322C /* AppDelegate.m in Sources */ = {isa = PBXBuildFile; fileRef = 3D874F591E1246F20076322C /* AppDelegate.m */; };
		3D874F5D1E1246F20076322C /* ViewController.m in Sources */ = {isa = PBXBuildFile; fileRef = 3D874F5C1E1246F20076322C /* ViewController.m */; };
		3D874F601E1246F20076322C /* Main.storyboard in Resources */ = {isa = PBXBuildFile; fileRef = 3D874F5E1E1246F20076322C /* Main.storyboard */; };
		3D874F621E1246F20076322C /* Assets.xcassets in Resources */ = {isa = PBXBuildFile; fileRef = 3D874F611E1246F20076322C /* Assets.xcassets */; };
		3D874F651E1246F20076322C /* LaunchScreen.storyboard in Resources */ = {isa = PBXBuildFile; fileRef = 3D874F631E1246F20076322C /* LaunchScreen.storyboard */; };
		3D87500A1E1347980076322C /* ReplayKit.framework in Frameworks */ = {isa = PBXBuildFile; fileRef = 3D874F721E1263190076322C /* ReplayKit.framework */; };
		3D87500E1E1347980076322C /* MovieClipHandler.m in Sources */ = {isa = PBXBuildFile; fileRef = 3D87500D1E1347980076322C /* MovieClipHandler.m */; };
		3D8750111E1347980076322C /* SampleHandler.m in Sources */ = {isa = PBXBuildFile; fileRef = 3D8750101E1347980076322C /* SampleHandler.m */; };
		3D8750181E1347980076322C /* ReplayKit.framework in Frameworks */ = {isa = PBXBuildFile; fileRef = 3D874F721E1263190076322C /* ReplayKit.framework */; };
		3D8750191E1347980076322C /* UIKit.framework in Frameworks */ = {isa = PBXBuildFile; fileRef = 3D874F741E1263190076322C /* UIKit.framework */; };
		3D87501D1E1347980076322C /* BroadcastViewController.m in Sources */ = {isa = PBXBuildFile; fileRef = 3D87501C1E1347980076322C /* BroadcastViewController.m */; };
		3D8750201E1347980076322C /* MainInterface.storyboard in Resources */ = {isa = PBXBuildFile; fileRef = 3D87501E1E1347980076322C /* MainInterface.storyboard */; };
		3D8750241E1347980076322C /* BroadcastUploadExtensionUI.appex in Embed App Extensions */ = {isa = PBXBuildFile; fileRef = 3D8750171E1347980076322C /* BroadcastUploadExtensionUI.appex */; settings = {ATTRIBUTES = (RemoveHeadersOnCopy, ); }; };
		3D8750271E1347980076322C /* BroadcastUploadExtension.appex in Embed App Extensions */ = {isa = PBXBuildFile; fileRef = 3D8750091E1347980076322C /* BroadcastUploadExtension.appex */; settings = {ATTRIBUTES = (RemoveHeadersOnCopy, ); }; };
		3DBBC1BF1E13B5E500649641 /* MobileCoreServices.framework in Frameworks */ = {isa = PBXBuildFile; fileRef = 3DBBC1BE1E13B5E500649641 /* MobileCoreServices.framework */; };
		EF784BB8302B361CB943FB53 /* libPods-BroadcastUploadExtension.a in Frameworks */ = {isa = PBXBuildFile; fileRef = B6497501CF8BD8BB362409D5 /* libPods-BroadcastUploadExtension.a */; };
		F6C3E6D07E864020C29879C2 /* Pods_ReplayKitTutorial_ObjC.framework in Frameworks */ = {isa = PBXBuildFile; fileRef = C7D92DC96A3E388E69AE1B9D /* Pods_ReplayKitTutorial_ObjC.framework */; };
/* End PBXBuildFile section */

/* Begin PBXContainerItemProxy section */
		3D8750221E1347980076322C /* PBXContainerItemProxy */ = {
			isa = PBXContainerItemProxy;
			containerPortal = 3D874F4A1E1246F20076322C /* Project object */;
			proxyType = 1;
			remoteGlobalIDString = 3D8750161E1347980076322C;
			remoteInfo = BroadcastUploadExtensionUI;
		};
		3D8750251E1347980076322C /* PBXContainerItemProxy */ = {
			isa = PBXContainerItemProxy;
			containerPortal = 3D874F4A1E1246F20076322C /* Project object */;
			proxyType = 1;
			remoteGlobalIDString = 3D8750081E1347980076322C;
			remoteInfo = BroadcastUploadExtension;
		};
/* End PBXContainerItemProxy section */

/* Begin PBXCopyFilesBuildPhase section */
		3D874F841E1263190076322C /* Embed App Extensions */ = {
			isa = PBXCopyFilesBuildPhase;
			buildActionMask = 2147483647;
			dstPath = "";
			dstSubfolderSpec = 13;
			files = (
				3D8750241E1347980076322C /* BroadcastUploadExtensionUI.appex in Embed App Extensions */,
				3D8750271E1347980076322C /* BroadcastUploadExtension.appex in Embed App Extensions */,
			);
			name = "Embed App Extensions";
			runOnlyForDeploymentPostprocessing = 0;
		};
/* End PBXCopyFilesBuildPhase section */

/* Begin PBXFileReference section */
		3D79D70A1E63C10B002A885E /* lf.framework */ = {isa = PBXFileReference; lastKnownFileType = wrapper.framework; name = lf.framework; path = "../../../../Library/Developer/Xcode/DerivedData/ReplayKitTutorial-ObjC-cepccqlqtxvwdzhalvyjaevqbaql/Build/Products/Debug-iphoneos/lf/lf.framework"; sourceTree = "<group>"; };
		3D874F521E1246F20076322C /* ReplayKitTutorial-ObjC.app */ = {isa = PBXFileReference; explicitFileType = wrapper.application; includeInIndex = 0; path = "ReplayKitTutorial-ObjC.app"; sourceTree = BUILT_PRODUCTS_DIR; };
		3D874F561E1246F20076322C /* main.m */ = {isa = PBXFileReference; lastKnownFileType = sourcecode.c.objc; path = main.m; sourceTree = "<group>"; };
		3D874F581E1246F20076322C /* AppDelegate.h */ = {isa = PBXFileReference; lastKnownFileType = sourcecode.c.h; path = AppDelegate.h; sourceTree = "<group>"; };
		3D874F591E1246F20076322C /* AppDelegate.m */ = {isa = PBXFileReference; lastKnownFileType = sourcecode.c.objc; path = AppDelegate.m; sourceTree = "<group>"; };
		3D874F5B1E1246F20076322C /* ViewController.h */ = {isa = PBXFileReference; lastKnownFileType = sourcecode.c.h; path = ViewController.h; sourceTree = "<group>"; };
		3D874F5C1E1246F20076322C /* ViewController.m */ = {isa = PBXFileReference; lastKnownFileType = sourcecode.c.objc; path = ViewController.m; sourceTree = "<group>"; };
		3D874F5F1E1246F20076322C /* Base */ = {isa = PBXFileReference; lastKnownFileType = file.storyboard; name = Base; path = Base.lproj/Main.storyboard; sourceTree = "<group>"; };
		3D874F611E1246F20076322C /* Assets.xcassets */ = {isa = PBXFileReference; lastKnownFileType = folder.assetcatalog; path = Assets.xcassets; sourceTree = "<group>"; };
		3D874F641E1246F20076322C /* Base */ = {isa = PBXFileReference; lastKnownFileType = file.storyboard; name = Base; path = Base.lproj/LaunchScreen.storyboard; sourceTree = "<group>"; };
		3D874F661E1246F20076322C /* Info.plist */ = {isa = PBXFileReference; lastKnownFileType = text.plist.xml; path = Info.plist; sourceTree = "<group>"; };
		3D874F721E1263190076322C /* ReplayKit.framework */ = {isa = PBXFileReference; lastKnownFileType = wrapper.framework; name = ReplayKit.framework; path = System/Library/Frameworks/ReplayKit.framework; sourceTree = SDKROOT; };
		3D874F741E1263190076322C /* UIKit.framework */ = {isa = PBXFileReference; lastKnownFileType = wrapper.framework; name = UIKit.framework; path = System/Library/Frameworks/UIKit.framework; sourceTree = SDKROOT; };
		3D8750091E1347980076322C /* BroadcastUploadExtension.appex */ = {isa = PBXFileReference; explicitFileType = "wrapper.app-extension"; includeInIndex = 0; path = BroadcastUploadExtension.appex; sourceTree = BUILT_PRODUCTS_DIR; };
		3D87500C1E1347980076322C /* MovieClipHandler.h */ = {isa = PBXFileReference; lastKnownFileType = sourcecode.c.h; path = MovieClipHandler.h; sourceTree = "<group>"; };
		3D87500D1E1347980076322C /* MovieClipHandler.m */ = {isa = PBXFileReference; indentWidth = 3; lastKnownFileType = sourcecode.c.objc; path = MovieClipHandler.m; sourceTree = "<group>"; };
		3D87500F1E1347980076322C /* SampleHandler.h */ = {isa = PBXFileReference; lastKnownFileType = sourcecode.c.h; path = SampleHandler.h; sourceTree = "<group>"; };
		3D8750101E1347980076322C /* SampleHandler.m */ = {isa = PBXFileReference; lastKnownFileType = sourcecode.c.objc; path = SampleHandler.m; sourceTree = "<group>"; };
		3D8750121E1347980076322C /* Info.plist */ = {isa = PBXFileReference; lastKnownFileType = text.plist.xml; path = Info.plist; sourceTree = "<group>"; };
		3D8750171E1347980076322C /* BroadcastUploadExtensionUI.appex */ = {isa = PBXFileReference; explicitFileType = "wrapper.app-extension"; includeInIndex = 0; path = BroadcastUploadExtensionUI.appex; sourceTree = BUILT_PRODUCTS_DIR; };
		3D87501B1E1347980076322C /* BroadcastViewController.h */ = {isa = PBXFileReference; lastKnownFileType = sourcecode.c.h; path = BroadcastViewController.h; sourceTree = "<group>"; };
		3D87501C1E1347980076322C /* BroadcastViewController.m */ = {isa = PBXFileReference; lastKnownFileType = sourcecode.c.objc; path = BroadcastViewController.m; sourceTree = "<group>"; };
		3D87501F1E1347980076322C /* Base */ = {isa = PBXFileReference; lastKnownFileType = file.storyboard; name = Base; path = Base.lproj/MainInterface.storyboard; sourceTree = "<group>"; };
		3D8750211E1347980076322C /* Info.plist */ = {isa = PBXFileReference; lastKnownFileType = text.plist.xml; path = Info.plist; sourceTree = "<group>"; };
		3D87502E1E1358930076322C /* BroadcastUploadExtensionUI.entitlements */ = {isa = PBXFileReference; lastKnownFileType = text.plist.entitlements; path = BroadcastUploadExtensionUI.entitlements; sourceTree = "<group>"; };
		3DBBC1BC1E1389B400649641 /* ReplayKitTutorial-ObjC.entitlements */ = {isa = PBXFileReference; lastKnownFileType = text.plist.entitlements; path = "ReplayKitTutorial-ObjC.entitlements"; sourceTree = "<group>"; };
		3DBBC1BD1E1389E100649641 /* BroadcastUploadExtension.entitlements */ = {isa = PBXFileReference; lastKnownFileType = text.plist.entitlements; path = BroadcastUploadExtension.entitlements; sourceTree = "<group>"; };
		3DBBC1BE1E13B5E500649641 /* MobileCoreServices.framework */ = {isa = PBXFileReference; lastKnownFileType = wrapper.framework; name = MobileCoreServices.framework; path = System/Library/Frameworks/MobileCoreServices.framework; sourceTree = SDKROOT; };
		802D924FFE5B2009BD382410 /* Pods-ReplayKitTutorial-ObjC.debug.xcconfig */ = {isa = PBXFileReference; includeInIndex = 1; lastKnownFileType = text.xcconfig; name = "Pods-ReplayKitTutorial-ObjC.debug.xcconfig"; path = "Pods/Target Support Files/Pods-ReplayKitTutorial-ObjC/Pods-ReplayKitTutorial-ObjC.debug.xcconfig"; sourceTree = "<group>"; };
		8EFB038EBFFECBCE55C658FA /* Pods-ReplayKitTutorial-ObjC.release.xcconfig */ = {isa = PBXFileReference; includeInIndex = 1; lastKnownFileType = text.xcconfig; name = "Pods-ReplayKitTutorial-ObjC.release.xcconfig"; path = "Pods/Target Support Files/Pods-ReplayKitTutorial-ObjC/Pods-ReplayKitTutorial-ObjC.release.xcconfig"; sourceTree = "<group>"; };
		9AB4A0B62EC6D160D17A9135 /* libPods-BroadcastUploadExtensionUI.a */ = {isa = PBXFileReference; explicitFileType = archive.ar; includeInIndex = 0; path = "libPods-BroadcastUploadExtensionUI.a"; sourceTree = BUILT_PRODUCTS_DIR; };
		A7009419E932A77170991920 /* Pods-BroadcastUploadExtensionUI.debug.xcconfig */ = {isa = PBXFileReference; includeInIndex = 1; lastKnownFileType = text.xcconfig; name = "Pods-BroadcastUploadExtensionUI.debug.xcconfig"; path = "Pods/Target Support Files/Pods-BroadcastUploadExtensionUI/Pods-BroadcastUploadExtensionUI.debug.xcconfig"; sourceTree = "<group>"; };
		AAB90E662912427D4CC1F90B /* Pods-BroadcastUploadExtension.debug.xcconfig */ = {isa = PBXFileReference; includeInIndex = 1; lastKnownFileType = text.xcconfig; name = "Pods-BroadcastUploadExtension.debug.xcconfig"; path = "Pods/Target Support Files/Pods-BroadcastUploadExtension/Pods-BroadcastUploadExtension.debug.xcconfig"; sourceTree = "<group>"; };
		B31BB256FBEAAF5DE5506BF1 /* Pods-BroadcastUploadExtension.release.xcconfig */ = {isa = PBXFileReference; includeInIndex = 1; lastKnownFileType = text.xcconfig; name = "Pods-BroadcastUploadExtension.release.xcconfig"; path = "Pods/Target Support Files/Pods-BroadcastUploadExtension/Pods-BroadcastUploadExtension.release.xcconfig"; sourceTree = "<group>"; };
		B6497501CF8BD8BB362409D5 /* libPods-BroadcastUploadExtension.a */ = {isa = PBXFileReference; explicitFileType = archive.ar; includeInIndex = 0; path = "libPods-BroadcastUploadExtension.a"; sourceTree = BUILT_PRODUCTS_DIR; };
		C6F4A13AC41F1EA523AD164F /* Pods-BroadcastUploadExtensionUI.release.xcconfig */ = {isa = PBXFileReference; includeInIndex = 1; lastKnownFileType = text.xcconfig; name = "Pods-BroadcastUploadExtensionUI.release.xcconfig"; path = "Pods/Target Support Files/Pods-BroadcastUploadExtensionUI/Pods-BroadcastUploadExtensionUI.release.xcconfig"; sourceTree = "<group>"; };
		C7D92DC96A3E388E69AE1B9D /* Pods_ReplayKitTutorial_ObjC.framework */ = {isa = PBXFileReference; explicitFileType = wrapper.framework; includeInIndex = 0; path = Pods_ReplayKitTutorial_ObjC.framework; sourceTree = BUILT_PRODUCTS_DIR; };
/* End PBXFileReference section */

/* Begin PBXFrameworksBuildPhase section */
		3D874F4F1E1246F20076322C /* Frameworks */ = {
			isa = PBXFrameworksBuildPhase;
			buildActionMask = 2147483647;
			files = (
				3D79D70B1E63C10B002A885E /* lf.framework in Frameworks */,
				3DBBC1BF1E13B5E500649641 /* MobileCoreServices.framework in Frameworks */,
				F6C3E6D07E864020C29879C2 /* Pods_ReplayKitTutorial_ObjC.framework in Frameworks */,
			);
			runOnlyForDeploymentPostprocessing = 0;
		};
		3D8750061E1347980076322C /* Frameworks */ = {
			isa = PBXFrameworksBuildPhase;
			buildActionMask = 2147483647;
			files = (
				3D87500A1E1347980076322C /* ReplayKit.framework in Frameworks */,
				EF784BB8302B361CB943FB53 /* libPods-BroadcastUploadExtension.a in Frameworks */,
			);
			runOnlyForDeploymentPostprocessing = 0;
		};
		3D8750141E1347980076322C /* Frameworks */ = {
			isa = PBXFrameworksBuildPhase;
			buildActionMask = 2147483647;
			files = (
				3D8750181E1347980076322C /* ReplayKit.framework in Frameworks */,
				3D8750191E1347980076322C /* UIKit.framework in Frameworks */,
				2209E7A1DBD92CE84BE2FA97 /* libPods-BroadcastUploadExtensionUI.a in Frameworks */,
			);
			runOnlyForDeploymentPostprocessing = 0;
		};
/* End PBXFrameworksBuildPhase section */

/* Begin PBXGroup section */
		3D874F491E1246F20076322C = {
			isa = PBXGroup;
			children = (
				3D874F541E1246F20076322C /* ReplayKitTutorial-ObjC */,
				3D87500B1E1347980076322C /* BroadcastUploadExtension */,
				3D87501A1E1347980076322C /* BroadcastUploadExtensionUI */,
				3D874F711E1263190076322C /* Frameworks */,
				3D874F531E1246F20076322C /* Products */,
				EEF697B72416B8D9642BD22E /* Pods */,
			);
			sourceTree = "<group>";
		};
		3D874F531E1246F20076322C /* Products */ = {
			isa = PBXGroup;
			children = (
				3D874F521E1246F20076322C /* ReplayKitTutorial-ObjC.app */,
				3D8750091E1347980076322C /* BroadcastUploadExtension.appex */,
				3D8750171E1347980076322C /* BroadcastUploadExtensionUI.appex */,
			);
			name = Products;
			sourceTree = "<group>";
		};
		3D874F541E1246F20076322C /* ReplayKitTutorial-ObjC */ = {
			isa = PBXGroup;
			children = (
				3DBBC1BC1E1389B400649641 /* ReplayKitTutorial-ObjC.entitlements */,
				3D874F581E1246F20076322C /* AppDelegate.h */,
				3D874F591E1246F20076322C /* AppDelegate.m */,
				3D874F5B1E1246F20076322C /* ViewController.h */,
				3D874F5C1E1246F20076322C /* ViewController.m */,
				3D874F5E1E1246F20076322C /* Main.storyboard */,
				3D874F611E1246F20076322C /* Assets.xcassets */,
				3D874F631E1246F20076322C /* LaunchScreen.storyboard */,
				3D874F661E1246F20076322C /* Info.plist */,
				3D874F551E1246F20076322C /* Supporting Files */,
			);
			path = "ReplayKitTutorial-ObjC";
			sourceTree = "<group>";
		};
		3D874F551E1246F20076322C /* Supporting Files */ = {
			isa = PBXGroup;
			children = (
				3D874F561E1246F20076322C /* main.m */,
			);
			name = "Supporting Files";
			sourceTree = "<group>";
		};
		3D874F711E1263190076322C /* Frameworks */ = {
			isa = PBXGroup;
			children = (
				3D79D70A1E63C10B002A885E /* lf.framework */,
				3DBBC1BE1E13B5E500649641 /* MobileCoreServices.framework */,
				3D874F721E1263190076322C /* ReplayKit.framework */,
				3D874F741E1263190076322C /* UIKit.framework */,
				B6497501CF8BD8BB362409D5 /* libPods-BroadcastUploadExtension.a */,
				9AB4A0B62EC6D160D17A9135 /* libPods-BroadcastUploadExtensionUI.a */,
				C7D92DC96A3E388E69AE1B9D /* Pods_ReplayKitTutorial_ObjC.framework */,
			);
			name = Frameworks;
			sourceTree = "<group>";
		};
		3D87500B1E1347980076322C /* BroadcastUploadExtension */ = {
			isa = PBXGroup;
			children = (
				3DBBC1BD1E1389E100649641 /* BroadcastUploadExtension.entitlements */,
				3D87500C1E1347980076322C /* MovieClipHandler.h */,
				3D87500D1E1347980076322C /* MovieClipHandler.m */,
				3D87500F1E1347980076322C /* SampleHandler.h */,
				3D8750101E1347980076322C /* SampleHandler.m */,
				3D8750121E1347980076322C /* Info.plist */,
			);
			path = BroadcastUploadExtension;
			sourceTree = "<group>";
		};
		3D87501A1E1347980076322C /* BroadcastUploadExtensionUI */ = {
			isa = PBXGroup;
			children = (
				3D87502E1E1358930076322C /* BroadcastUploadExtensionUI.entitlements */,
				3D87501B1E1347980076322C /* BroadcastViewController.h */,
				3D87501C1E1347980076322C /* BroadcastViewController.m */,
				3D87501E1E1347980076322C /* MainInterface.storyboard */,
				3D8750211E1347980076322C /* Info.plist */,
			);
			path = BroadcastUploadExtensionUI;
			sourceTree = "<group>";
		};
		EEF697B72416B8D9642BD22E /* Pods */ = {
			isa = PBXGroup;
			children = (
				AAB90E662912427D4CC1F90B /* Pods-BroadcastUploadExtension.debug.xcconfig */,
				B31BB256FBEAAF5DE5506BF1 /* Pods-BroadcastUploadExtension.release.xcconfig */,
				A7009419E932A77170991920 /* Pods-BroadcastUploadExtensionUI.debug.xcconfig */,
				C6F4A13AC41F1EA523AD164F /* Pods-BroadcastUploadExtensionUI.release.xcconfig */,
				802D924FFE5B2009BD382410 /* Pods-ReplayKitTutorial-ObjC.debug.xcconfig */,
				8EFB038EBFFECBCE55C658FA /* Pods-ReplayKitTutorial-ObjC.release.xcconfig */,
			);
			name = Pods;
			sourceTree = "<group>";
		};
/* End PBXGroup section */

/* Begin PBXNativeTarget section */
		3D874F511E1246F20076322C /* ReplayKitTutorial-ObjC */ = {
			isa = PBXNativeTarget;
			buildConfigurationList = 3D874F691E1246F20076322C /* Build configuration list for PBXNativeTarget "ReplayKitTutorial-ObjC" */;
			buildPhases = (
				8EBF1B9F77990A8A8CF9AA95 /* [CP] Check Pods Manifest.lock */,
				3D874F4E1E1246F20076322C /* Sources */,
				3D874F4F1E1246F20076322C /* Frameworks */,
				3D874F501E1246F20076322C /* Resources */,
				3D874F841E1263190076322C /* Embed App Extensions */,
				0D7915C1238318F8060FBF31 /* [CP] Embed Pods Frameworks */,
				2F5A254299833B75EF02F9A9 /* [CP] Copy Pods Resources */,
			);
			buildRules = (
			);
			dependencies = (
				3D8750231E1347980076322C /* PBXTargetDependency */,
				3D8750261E1347980076322C /* PBXTargetDependency */,
			);
			name = "ReplayKitTutorial-ObjC";
			productName = "ReplayKitTutorial-ObjC";
			productReference = 3D874F521E1246F20076322C /* ReplayKitTutorial-ObjC.app */;
			productType = "com.apple.product-type.application";
		};
		3D8750081E1347980076322C /* BroadcastUploadExtension */ = {
			isa = PBXNativeTarget;
			buildConfigurationList = 3D87502B1E1347990076322C /* Build configuration list for PBXNativeTarget "BroadcastUploadExtension" */;
			buildPhases = (
				C08400D316FF9AE58BE74239 /* [CP] Check Pods Manifest.lock */,
				3D8750051E1347980076322C /* Sources */,
				3D8750061E1347980076322C /* Frameworks */,
				3D8750071E1347980076322C /* Resources */,
				681AA342BCCB2FF86666C54B /* [CP] Copy Pods Resources */,
			);
			buildRules = (
			);
			dependencies = (
			);
			name = BroadcastUploadExtension;
			productName = BroadcastUploadExtension;
			productReference = 3D8750091E1347980076322C /* BroadcastUploadExtension.appex */;
			productType = "com.apple.product-type.app-extension";
		};
		3D8750161E1347980076322C /* BroadcastUploadExtensionUI */ = {
			isa = PBXNativeTarget;
			buildConfigurationList = 3D8750281E1347990076322C /* Build configuration list for PBXNativeTarget "BroadcastUploadExtensionUI" */;
			buildPhases = (
				4E3D197D187E43A62A532672 /* [CP] Check Pods Manifest.lock */,
				3D8750131E1347980076322C /* Sources */,
				3D8750141E1347980076322C /* Frameworks */,
				3D8750151E1347980076322C /* Resources */,
				6D65D5F372EBAB784E506103 /* [CP] Copy Pods Resources */,
			);
			buildRules = (
			);
			dependencies = (
			);
			name = BroadcastUploadExtensionUI;
			productName = BroadcastUploadExtensionUI;
			productReference = 3D8750171E1347980076322C /* BroadcastUploadExtensionUI.appex */;
			productType = "com.apple.product-type.app-extension";
		};
/* End PBXNativeTarget section */

/* Begin PBXProject section */
		3D874F4A1E1246F20076322C /* Project object */ = {
			isa = PBXProject;
			attributes = {
				LastUpgradeCheck = 0820;
				ORGANIZATIONNAME = "KyuJin Kim";
				TargetAttributes = {
					3D874F511E1246F20076322C = {
						CreatedOnToolsVersion = 8.2.1;
						DevelopmentTeam = MMVTCXSS58;
						LastSwiftMigration = 0820;
						ProvisioningStyle = Automatic;
						SystemCapabilities = {
							com.apple.ApplicationGroups.iOS = {
								enabled = 1;
							};
						};
					};
					3D8750081E1347980076322C = {
						CreatedOnToolsVersion = 8.2.1;
						DevelopmentTeam = MMVTCXSS58;
						ProvisioningStyle = Automatic;
						SystemCapabilities = {
							com.apple.ApplicationGroups.iOS = {
								enabled = 1;
							};
						};
					};
					3D8750161E1347980076322C = {
						CreatedOnToolsVersion = 8.2.1;
						DevelopmentTeam = MMVTCXSS58;
						ProvisioningStyle = Automatic;
						SystemCapabilities = {
							com.apple.ApplicationGroups.iOS = {
								enabled = 0;
							};
						};
					};
				};
			};
			buildConfigurationList = 3D874F4D1E1246F20076322C /* Build configuration list for PBXProject "ReplayKitTutorial-ObjC" */;
			compatibilityVersion = "Xcode 3.2";
			developmentRegion = English;
			hasScannedForEncodings = 0;
			knownRegions = (
				en,
				Base,
			);
			mainGroup = 3D874F491E1246F20076322C;
			productRefGroup = 3D874F531E1246F20076322C /* Products */;
			projectDirPath = "";
			projectRoot = "";
			targets = (
				3D874F511E1246F20076322C /* ReplayKitTutorial-ObjC */,
				3D8750081E1347980076322C /* BroadcastUploadExtension */,
				3D8750161E1347980076322C /* BroadcastUploadExtensionUI */,
			);
		};
/* End PBXProject section */

/* Begin PBXResourcesBuildPhase section */
		3D874F501E1246F20076322C /* Resources */ = {
			isa = PBXResourcesBuildPhase;
			buildActionMask = 2147483647;
			files = (
				3D874F651E1246F20076322C /* LaunchScreen.storyboard in Resources */,
				3D874F621E1246F20076322C /* Assets.xcassets in Resources */,
				3D874F601E1246F20076322C /* Main.storyboard in Resources */,
			);
			runOnlyForDeploymentPostprocessing = 0;
		};
		3D8750071E1347980076322C /* Resources */ = {
			isa = PBXResourcesBuildPhase;
			buildActionMask = 2147483647;
			files = (
			);
			runOnlyForDeploymentPostprocessing = 0;
		};
		3D8750151E1347980076322C /* Resources */ = {
			isa = PBXResourcesBuildPhase;
			buildActionMask = 2147483647;
			files = (
				3D8750201E1347980076322C /* MainInterface.storyboard in Resources */,
			);
			runOnlyForDeploymentPostprocessing = 0;
		};
/* End PBXResourcesBuildPhase section */

/* Begin PBXShellScriptBuildPhase section */
		0D7915C1238318F8060FBF31 /* [CP] Embed Pods Frameworks */ = {
			isa = PBXShellScriptBuildPhase;
			buildActionMask = 2147483647;
			files = (
			);
			inputPaths = (
			);
			name = "[CP] Embed Pods Frameworks";
			outputPaths = (
			);
			runOnlyForDeploymentPostprocessing = 0;
			shellPath = /bin/sh;
			shellScript = "\"${SRCROOT}/Pods/Target Support Files/Pods-ReplayKitTutorial-ObjC/Pods-ReplayKitTutorial-ObjC-frameworks.sh\"\n";
			showEnvVarsInLog = 0;
		};
		2F5A254299833B75EF02F9A9 /* [CP] Copy Pods Resources */ = {
			isa = PBXShellScriptBuildPhase;
			buildActionMask = 2147483647;
			files = (
			);
			inputPaths = (
			);
			name = "[CP] Copy Pods Resources";
			outputPaths = (
			);
			runOnlyForDeploymentPostprocessing = 0;
			shellPath = /bin/sh;
			shellScript = "\"${SRCROOT}/Pods/Target Support Files/Pods-ReplayKitTutorial-ObjC/Pods-ReplayKitTutorial-ObjC-resources.sh\"\n";
			showEnvVarsInLog = 0;
		};
		4E3D197D187E43A62A532672 /* [CP] Check Pods Manifest.lock */ = {
			isa = PBXShellScriptBuildPhase;
			buildActionMask = 2147483647;
			files = (
			);
			inputPaths = (
			);
			name = "[CP] Check Pods Manifest.lock";
			outputPaths = (
			);
			runOnlyForDeploymentPostprocessing = 0;
			shellPath = /bin/sh;
			shellScript = "diff \"${PODS_ROOT}/../Podfile.lock\" \"${PODS_ROOT}/Manifest.lock\" > /dev/null\nif [ $? != 0 ] ; then\n    # print error to STDERR\n    echo \"error: The sandbox is not in sync with the Podfile.lock. Run 'pod install' or update your CocoaPods installation.\" >&2\n    exit 1\nfi\n";
			showEnvVarsInLog = 0;
		};
		681AA342BCCB2FF86666C54B /* [CP] Copy Pods Resources */ = {
			isa = PBXShellScriptBuildPhase;
			buildActionMask = 2147483647;
			files = (
			);
			inputPaths = (
			);
			name = "[CP] Copy Pods Resources";
			outputPaths = (
			);
			runOnlyForDeploymentPostprocessing = 0;
			shellPath = /bin/sh;
			shellScript = "\"${SRCROOT}/Pods/Target Support Files/Pods-BroadcastUploadExtension/Pods-BroadcastUploadExtension-resources.sh\"\n";
			showEnvVarsInLog = 0;
		};
		6D65D5F372EBAB784E506103 /* [CP] Copy Pods Resources */ = {
			isa = PBXShellScriptBuildPhase;
			buildActionMask = 2147483647;
			files = (
			);
			inputPaths = (
			);
			name = "[CP] Copy Pods Resources";
			outputPaths = (
			);
			runOnlyForDeploymentPostprocessing = 0;
			shellPath = /bin/sh;
			shellScript = "\"${SRCROOT}/Pods/Target Support Files/Pods-BroadcastUploadExtensionUI/Pods-BroadcastUploadExtensionUI-resources.sh\"\n";
			showEnvVarsInLog = 0;
		};
		8EBF1B9F77990A8A8CF9AA95 /* [CP] Check Pods Manifest.lock */ = {
			isa = PBXShellScriptBuildPhase;
			buildActionMask = 2147483647;
			files = (
			);
			inputPaths = (
			);
			name = "[CP] Check Pods Manifest.lock";
			outputPaths = (
			);
			runOnlyForDeploymentPostprocessing = 0;
			shellPath = /bin/sh;
			shellScript = "diff \"${PODS_ROOT}/../Podfile.lock\" \"${PODS_ROOT}/Manifest.lock\" > /dev/null\nif [ $? != 0 ] ; then\n    # print error to STDERR\n    echo \"error: The sandbox is not in sync with the Podfile.lock. Run 'pod install' or update your CocoaPods installation.\" >&2\n    exit 1\nfi\n";
			showEnvVarsInLog = 0;
		};
		C08400D316FF9AE58BE74239 /* [CP] Check Pods Manifest.lock */ = {
			isa = PBXShellScriptBuildPhase;
			buildActionMask = 2147483647;
			files = (
			);
			inputPaths = (
			);
			name = "[CP] Check Pods Manifest.lock";
			outputPaths = (
			);
			runOnlyForDeploymentPostprocessing = 0;
			shellPath = /bin/sh;
			shellScript = "diff \"${PODS_ROOT}/../Podfile.lock\" \"${PODS_ROOT}/Manifest.lock\" > /dev/null\nif [ $? != 0 ] ; then\n    # print error to STDERR\n    echo \"error: The sandbox is not in sync with the Podfile.lock. Run 'pod install' or update your CocoaPods installation.\" >&2\n    exit 1\nfi\n";
			showEnvVarsInLog = 0;
		};
/* End PBXShellScriptBuildPhase section */

/* Begin PBXSourcesBuildPhase section */
		3D874F4E1E1246F20076322C /* Sources */ = {
			isa = PBXSourcesBuildPhase;
			buildActionMask = 2147483647;
			files = (
				3D874F5D1E1246F20076322C /* ViewController.m in Sources */,
				3D874F5A1E1246F20076322C /* AppDelegate.m in Sources */,
				3D874F571E1246F20076322C /* main.m in Sources */,
			);
			runOnlyForDeploymentPostprocessing = 0;
		};
		3D8750051E1347980076322C /* Sources */ = {
			isa = PBXSourcesBuildPhase;
			buildActionMask = 2147483647;
			files = (
				3D8750111E1347980076322C /* SampleHandler.m in Sources */,
				3D87500E1E1347980076322C /* MovieClipHandler.m in Sources */,
			);
			runOnlyForDeploymentPostprocessing = 0;
		};
		3D8750131E1347980076322C /* Sources */ = {
			isa = PBXSourcesBuildPhase;
			buildActionMask = 2147483647;
			files = (
				3D87501D1E1347980076322C /* BroadcastViewController.m in Sources */,
			);
			runOnlyForDeploymentPostprocessing = 0;
		};
/* End PBXSourcesBuildPhase section */

/* Begin PBXTargetDependency section */
		3D8750231E1347980076322C /* PBXTargetDependency */ = {
			isa = PBXTargetDependency;
			target = 3D8750161E1347980076322C /* BroadcastUploadExtensionUI */;
			targetProxy = 3D8750221E1347980076322C /* PBXContainerItemProxy */;
		};
		3D8750261E1347980076322C /* PBXTargetDependency */ = {
			isa = PBXTargetDependency;
			target = 3D8750081E1347980076322C /* BroadcastUploadExtension */;
			targetProxy = 3D8750251E1347980076322C /* PBXContainerItemProxy */;
		};
/* End PBXTargetDependency section */

/* Begin PBXVariantGroup section */
		3D874F5E1E1246F20076322C /* Main.storyboard */ = {
			isa = PBXVariantGroup;
			children = (
				3D874F5F1E1246F20076322C /* Base */,
			);
			name = Main.storyboard;
			sourceTree = "<group>";
		};
		3D874F631E1246F20076322C /* LaunchScreen.storyboard */ = {
			isa = PBXVariantGroup;
			children = (
				3D874F641E1246F20076322C /* Base */,
			);
			name = LaunchScreen.storyboard;
			sourceTree = "<group>";
		};
		3D87501E1E1347980076322C /* MainInterface.storyboard */ = {
			isa = PBXVariantGroup;
			children = (
				3D87501F1E1347980076322C /* Base */,
			);
			name = MainInterface.storyboard;
			sourceTree = "<group>";
		};
/* End PBXVariantGroup section */

/* Begin XCBuildConfiguration section */
		3D874F671E1246F20076322C /* Debug */ = {
			isa = XCBuildConfiguration;
			buildSettings = {
				ALWAYS_SEARCH_USER_PATHS = NO;
				CLANG_ANALYZER_NONNULL = YES;
				CLANG_CXX_LANGUAGE_STANDARD = "gnu++0x";
				CLANG_CXX_LIBRARY = "libc++";
				CLANG_ENABLE_MODULES = YES;
				CLANG_ENABLE_OBJC_ARC = YES;
				CLANG_WARN_BOOL_CONVERSION = YES;
				CLANG_WARN_CONSTANT_CONVERSION = YES;
				CLANG_WARN_DIRECT_OBJC_ISA_USAGE = YES_ERROR;
				CLANG_WARN_DOCUMENTATION_COMMENTS = YES;
				CLANG_WARN_EMPTY_BODY = YES;
				CLANG_WARN_ENUM_CONVERSION = YES;
				CLANG_WARN_INFINITE_RECURSION = YES;
				CLANG_WARN_INT_CONVERSION = YES;
				CLANG_WARN_OBJC_ROOT_CLASS = YES_ERROR;
				CLANG_WARN_SUSPICIOUS_MOVE = YES;
				CLANG_WARN_UNREACHABLE_CODE = YES;
				CLANG_WARN__DUPLICATE_METHOD_MATCH = YES;
				"CODE_SIGN_IDENTITY[sdk=iphoneos*]" = "iPhone Developer";
				COPY_PHASE_STRIP = NO;
				DEBUG_INFORMATION_FORMAT = dwarf;
				ENABLE_STRICT_OBJC_MSGSEND = YES;
				ENABLE_TESTABILITY = YES;
				GCC_C_LANGUAGE_STANDARD = gnu99;
				GCC_DYNAMIC_NO_PIC = NO;
				GCC_NO_COMMON_BLOCKS = YES;
				GCC_OPTIMIZATION_LEVEL = 0;
				GCC_PREPROCESSOR_DEFINITIONS = (
					"DEBUG=1",
					"$(inherited)",
				);
				GCC_WARN_64_TO_32_BIT_CONVERSION = YES;
				GCC_WARN_ABOUT_RETURN_TYPE = YES_ERROR;
				GCC_WARN_UNDECLARED_SELECTOR = YES;
				GCC_WARN_UNINITIALIZED_AUTOS = YES_AGGRESSIVE;
				GCC_WARN_UNUSED_FUNCTION = YES;
				GCC_WARN_UNUSED_VARIABLE = YES;
				IPHONEOS_DEPLOYMENT_TARGET = 10.2;
				MTL_ENABLE_DEBUG_INFO = YES;
				ONLY_ACTIVE_ARCH = YES;
				SDKROOT = iphoneos;
				TARGETED_DEVICE_FAMILY = "1,2";
			};
			name = Debug;
		};
		3D874F681E1246F20076322C /* Release */ = {
			isa = XCBuildConfiguration;
			buildSettings = {
				ALWAYS_SEARCH_USER_PATHS = NO;
				CLANG_ANALYZER_NONNULL = YES;
				CLANG_CXX_LANGUAGE_STANDARD = "gnu++0x";
				CLANG_CXX_LIBRARY = "libc++";
				CLANG_ENABLE_MODULES = YES;
				CLANG_ENABLE_OBJC_ARC = YES;
				CLANG_WARN_BOOL_CONVERSION = YES;
				CLANG_WARN_CONSTANT_CONVERSION = YES;
				CLANG_WARN_DIRECT_OBJC_ISA_USAGE = YES_ERROR;
				CLANG_WARN_DOCUMENTATION_COMMENTS = YES;
				CLANG_WARN_EMPTY_BODY = YES;
				CLANG_WARN_ENUM_CONVERSION = YES;
				CLANG_WARN_INFINITE_RECURSION = YES;
				CLANG_WARN_INT_CONVERSION = YES;
				CLANG_WARN_OBJC_ROOT_CLASS = YES_ERROR;
				CLANG_WARN_SUSPICIOUS_MOVE = YES;
				CLANG_WARN_UNREACHABLE_CODE = YES;
				CLANG_WARN__DUPLICATE_METHOD_MATCH = YES;
				"CODE_SIGN_IDENTITY[sdk=iphoneos*]" = "iPhone Developer";
				COPY_PHASE_STRIP = NO;
				DEBUG_INFORMATION_FORMAT = "dwarf-with-dsym";
				ENABLE_NS_ASSERTIONS = NO;
				ENABLE_STRICT_OBJC_MSGSEND = YES;
				GCC_C_LANGUAGE_STANDARD = gnu99;
				GCC_NO_COMMON_BLOCKS = YES;
				GCC_WARN_64_TO_32_BIT_CONVERSION = YES;
				GCC_WARN_ABOUT_RETURN_TYPE = YES_ERROR;
				GCC_WARN_UNDECLARED_SELECTOR = YES;
				GCC_WARN_UNINITIALIZED_AUTOS = YES_AGGRESSIVE;
				GCC_WARN_UNUSED_FUNCTION = YES;
				GCC_WARN_UNUSED_VARIABLE = YES;
				IPHONEOS_DEPLOYMENT_TARGET = 10.2;
				MTL_ENABLE_DEBUG_INFO = NO;
				SDKROOT = iphoneos;
				TARGETED_DEVICE_FAMILY = "1,2";
				VALIDATE_PRODUCT = YES;
			};
			name = Release;
		};
		3D874F6A1E1246F20076322C /* Debug */ = {
			isa = XCBuildConfiguration;
			baseConfigurationReference = 802D924FFE5B2009BD382410 /* Pods-ReplayKitTutorial-ObjC.debug.xcconfig */;
			buildSettings = {
				ASSETCATALOG_COMPILER_APPICON_NAME = AppIcon;
				CODE_SIGN_ENTITLEMENTS = "ReplayKitTutorial-ObjC/ReplayKitTutorial-ObjC.entitlements";
				DEVELOPMENT_TEAM = MMVTCXSS58;
				INFOPLIST_FILE = "ReplayKitTutorial-ObjC/Info.plist";
				LD_RUNPATH_SEARCH_PATHS = "$(inherited) @executable_path/Frameworks";
				PRODUCT_BUNDLE_IDENTIFIER = com.gcp.rnd;
				PRODUCT_NAME = "$(TARGET_NAME)";
				SWIFT_VERSION = 3.0;
			};
			name = Debug;
		};
		3D874F6B1E1246F20076322C /* Release */ = {
			isa = XCBuildConfiguration;
			baseConfigurationReference = 8EFB038EBFFECBCE55C658FA /* Pods-ReplayKitTutorial-ObjC.release.xcconfig */;
			buildSettings = {
				ASSETCATALOG_COMPILER_APPICON_NAME = AppIcon;
				CODE_SIGN_ENTITLEMENTS = "ReplayKitTutorial-ObjC/ReplayKitTutorial-ObjC.entitlements";
				DEVELOPMENT_TEAM = MMVTCXSS58;
				INFOPLIST_FILE = "ReplayKitTutorial-ObjC/Info.plist";
				LD_RUNPATH_SEARCH_PATHS = "$(inherited) @executable_path/Frameworks";
				PRODUCT_BUNDLE_IDENTIFIER = com.gcp.rnd;
				PRODUCT_NAME = "$(TARGET_NAME)";
				SWIFT_VERSION = 3.0;
			};
			name = Release;
		};
		3D8750291E1347990076322C /* Debug */ = {
			isa = XCBuildConfiguration;
			baseConfigurationReference = A7009419E932A77170991920 /* Pods-BroadcastUploadExtensionUI.debug.xcconfig */;
			buildSettings = {
				DEVELOPMENT_TEAM = MMVTCXSS58;
				INFOPLIST_FILE = BroadcastUploadExtensionUI/Info.plist;
				LD_RUNPATH_SEARCH_PATHS = "$(inherited) @executable_path/Frameworks @executable_path/../../Frameworks";
				PRODUCT_BUNDLE_IDENTIFIER = com.gcp.rnd.BroadcastUploadExtensionUI;
				PRODUCT_NAME = "$(TARGET_NAME)";
				SKIP_INSTALL = YES;
			};
			name = Debug;
		};
		3D87502A1E1347990076322C /* Release */ = {
			isa = XCBuildConfiguration;
			baseConfigurationReference = C6F4A13AC41F1EA523AD164F /* Pods-BroadcastUploadExtensionUI.release.xcconfig */;
			buildSettings = {
				DEVELOPMENT_TEAM = MMVTCXSS58;
				INFOPLIST_FILE = BroadcastUploadExtensionUI/Info.plist;
				LD_RUNPATH_SEARCH_PATHS = "$(inherited) @executable_path/Frameworks @executable_path/../../Frameworks";
				PRODUCT_BUNDLE_IDENTIFIER = com.gcp.rnd.BroadcastUploadExtensionUI;
				PRODUCT_NAME = "$(TARGET_NAME)";
				SKIP_INSTALL = YES;
			};
			name = Release;
		};
		3D87502C1E1347990076322C /* Debug */ = {
			isa = XCBuildConfiguration;
			baseConfigurationReference = AAB90E662912427D4CC1F90B /* Pods-BroadcastUploadExtension.debug.xcconfig */;
			buildSettings = {
				CODE_SIGN_ENTITLEMENTS = BroadcastUploadExtension/BroadcastUploadExtension.entitlements;
				DEVELOPMENT_TEAM = MMVTCXSS58;
				INFOPLIST_FILE = BroadcastUploadExtension/Info.plist;
				LD_RUNPATH_SEARCH_PATHS = "$(inherited) @executable_path/Frameworks @executable_path/../../Frameworks";
				PRODUCT_BUNDLE_IDENTIFIER = com.gcp.rnd.BroadcastUploadExtension;
				PRODUCT_NAME = "$(TARGET_NAME)";
				SKIP_INSTALL = YES;
			};
			name = Debug;
		};
		3D87502D1E1347990076322C /* Release */ = {
			isa = XCBuildConfiguration;
			baseConfigurationReference = B31BB256FBEAAF5DE5506BF1 /* Pods-BroadcastUploadExtension.release.xcconfig */;
			buildSettings = {
				CODE_SIGN_ENTITLEMENTS = BroadcastUploadExtension/BroadcastUploadExtension.entitlements;
				DEVELOPMENT_TEAM = MMVTCXSS58;
				INFOPLIST_FILE = BroadcastUploadExtension/Info.plist;
				LD_RUNPATH_SEARCH_PATHS = "$(inherited) @executable_path/Frameworks @executable_path/../../Frameworks";
				PRODUCT_BUNDLE_IDENTIFIER = com.gcp.rnd.BroadcastUploadExtension;
				PRODUCT_NAME = "$(TARGET_NAME)";
				SKIP_INSTALL = YES;
			};
			name = Release;
		};
/* End XCBuildConfiguration section */

/* Begin XCConfigurationList section */
		3D874F4D1E1246F20076322C /* Build configuration list for PBXProject "ReplayKitTutorial-ObjC" */ = {
			isa = XCConfigurationList;
			buildConfigurations = (
				3D874F671E1246F20076322C /* Debug */,
				3D874F681E1246F20076322C /* Release */,
			);
			defaultConfigurationIsVisible = 0;
			defaultConfigurationName = Release;
		};
		3D874F691E1246F20076322C /* Build configuration list for PBXNativeTarget "ReplayKitTutorial-ObjC" */ = {
			isa = XCConfigurationList;
			buildConfigurations = (
				3D874F6A1E1246F20076322C /* Debug */,
				3D874F6B1E1246F20076322C /* Release */,
			);
			defaultConfigurationIsVisible = 0;
			defaultConfigurationName = Release;
		};
		3D8750281E1347990076322C /* Build configuration list for PBXNativeTarget "BroadcastUploadExtensionUI" */ = {
			isa = XCConfigurationList;
			buildConfigurations = (
				3D8750291E1347990076322C /* Debug */,
				3D87502A1E1347990076322C /* Release */,
			);
			defaultConfigurationIsVisible = 0;
			defaultConfigurationName = Release;
		};
		3D87502B1E1347990076322C /* Build configuration list for PBXNativeTarget "BroadcastUploadExtension" */ = {
			isa = XCConfigurationList;
			buildConfigurations = (
				3D87502C1E1347990076322C /* Debug */,
				3D87502D1E1347990076322C /* Release */,
			);
			defaultConfigurationIsVisible = 0;
			defaultConfigurationName = Release;
		};
/* End XCConfigurationList section */
	};
	rootObject = 3D874F4A1E1246F20076322C /* Project object */;
}
